
Microsoft Visual Studio Solution File, Format Version 12.00
# Visual Studio 15
VisualStudioVersion = 15.0.26430.14
MinimumVisualStudioVersion = 10.0.40219.1
Project("{FAE04EC0-301F-11D3-BF4B-00C04F79EFBC}") = "SFML TEST", "SFML TEST\SFML TEST.csproj", "{E5890BEA-2D68-40C3-9721-EC8E498E9257}"
EndProject
Project("{FAE04EC0-301F-11D3-BF4B-00C04F79EFBC}") = "SharedLogic", "ClassLibrary1\SharedLogic.csproj", "{C4C95DC8-64A9-49E1-9F4F-212FC6B88419}"
EndProject
Project("{FAE04EC0-301F-11D3-BF4B-00C04F79EFBC}") = "Project4", "..\MonogameLogic\Project4\Project4.csproj", "{1F499A17-EF33-4872-8998-3FD8723D6F58}"
EndProject
Global
	GlobalSection(SolutionConfigurationPlatforms) = preSolution
		Debug|Any CPU = Debug|Any CPU
		Release|Any CPU = Release|Any CPU
	EndGlobalSection
	GlobalSection(ProjectConfigurationPlatforms) = postSolution
		{E5890BEA-2D68-40C3-9721-EC8E498E9257}.Debug|Any CPU.ActiveCfg = Debug|Any CPU
		{E5890BEA-2D68-40C3-9721-EC8E498E9257}.Debug|Any CPU.Build.0 = Debug|Any CPU
		{E5890BEA-2D68-40C3-9721-EC8E498E9257}.Release|Any CPU.ActiveCfg = Release|Any CPU
		{E5890BEA-2D68-40C3-9721-EC8E498E9257}.Release|Any CPU.Build.0 = Release|Any CPU
		{C4C95DC8-64A9-49E1-9F4F-212FC6B88419}.Debug|Any CPU.ActiveCfg = Debug|Any CPU
		{C4C95DC8-64A9-49E1-9F4F-212FC6B88419}.Debug|Any CPU.Build.0 = Debug|Any CPU
		{C4C95DC8-64A9-49E1-9F4F-212FC6B88419}.Release|Any CPU.ActiveCfg = Release|Any CPU
		{C4C95DC8-64A9-49E1-9F4F-212FC6B88419}.Release|Any CPU.Build.0 = Release|Any CPU
		{1F499A17-EF33-4872-8998-3FD8723D6F58}.Debug|Any CPU.ActiveCfg = Debug|Any CPU
		{1F499A17-EF33-4872-8998-3FD8723D6F58}.Debug|Any CPU.Build.0 = Debug|Any CPU
		{1F499A17-EF33-4872-8998-3FD8723D6F58}.Debug|Any CPU.Deploy.0 = Debug|Any CPU
		{1F499A17-EF33-4872-8998-3FD8723D6F58}.Release|Any CPU.ActiveCfg = Release|Any CPU
		{1F499A17-EF33-4872-8998-3FD8723D6F58}.Release|Any CPU.Build.0 = Release|Any CPU
		{1F499A17-EF33-4872-8998-3FD8723D6F58}.Release|Any CPU.Deploy.0 = Release|Any CPU
	EndGlobalSection
	GlobalSection(SolutionProperties) = preSolution
		HideSolutionNode = FALSE
	EndGlobalSection
EndGlobal
