
Microsoft Visual Studio Solution File, Format Version 12.00
# Visual Studio 15
VisualStudioVersion = 15.0.26430.14
MinimumVisualStudioVersion = 10.0.40219.1
Project("{FAE04EC0-301F-11D3-BF4B-00C04F79EFBC}") = "Project4", "Project4\Project4.csproj", "{1F499A17-EF33-4872-8998-3FD8723D6F58}"
EndProject
Project("{FAE04EC0-301F-11D3-BF4B-00C04F79EFBC}") = "Project4_Desktop", "..\Project4_Desktop - NIET HIER WERKEN\Project4_Desktop\Project4_Desktop.csproj", "{FFE910EC-B5F5-41C0-A93F-A1F5A0032E06}"
EndProject
Global
	GlobalSection(SolutionConfigurationPlatforms) = preSolution
		Debug|Any CPU = Debug|Any CPU
		Debug|x86 = Debug|x86
		Release|Any CPU = Release|Any CPU
		Release|x86 = Release|x86
	EndGlobalSection
	GlobalSection(ProjectConfigurationPlatforms) = postSolution
		{1F499A17-EF33-4872-8998-3FD8723D6F58}.Debug|Any CPU.ActiveCfg = Debug|Any CPU
		{1F499A17-EF33-4872-8998-3FD8723D6F58}.Debug|Any CPU.Build.0 = Debug|Any CPU
		{1F499A17-EF33-4872-8998-3FD8723D6F58}.Debug|Any CPU.Deploy.0 = Debug|Any CPU
		{1F499A17-EF33-4872-8998-3FD8723D6F58}.Debug|x86.ActiveCfg = Debug|Any CPU
		{1F499A17-EF33-4872-8998-3FD8723D6F58}.Debug|x86.Build.0 = Debug|Any CPU
		{1F499A17-EF33-4872-8998-3FD8723D6F58}.Debug|x86.Deploy.0 = Debug|Any CPU
		{1F499A17-EF33-4872-8998-3FD8723D6F58}.Release|Any CPU.ActiveCfg = Release|Any CPU
		{1F499A17-EF33-4872-8998-3FD8723D6F58}.Release|Any CPU.Build.0 = Release|Any CPU
		{1F499A17-EF33-4872-8998-3FD8723D6F58}.Release|Any CPU.Deploy.0 = Release|Any CPU
		{1F499A17-EF33-4872-8998-3FD8723D6F58}.Release|x86.ActiveCfg = Release|Any CPU
		{1F499A17-EF33-4872-8998-3FD8723D6F58}.Release|x86.Build.0 = Release|Any CPU
		{1F499A17-EF33-4872-8998-3FD8723D6F58}.Release|x86.Deploy.0 = Release|Any CPU
		{FFE910EC-B5F5-41C0-A93F-A1F5A0032E06}.Debug|Any CPU.ActiveCfg = Debug|x86
		{FFE910EC-B5F5-41C0-A93F-A1F5A0032E06}.Debug|x86.ActiveCfg = Debug|x86
		{FFE910EC-B5F5-41C0-A93F-A1F5A0032E06}.Debug|x86.Build.0 = Debug|x86
		{FFE910EC-B5F5-41C0-A93F-A1F5A0032E06}.Release|Any CPU.ActiveCfg = Release|x86
		{FFE910EC-B5F5-41C0-A93F-A1F5A0032E06}.Release|x86.ActiveCfg = Release|x86
		{FFE910EC-B5F5-41C0-A93F-A1F5A0032E06}.Release|x86.Build.0 = Release|x86
	EndGlobalSection
	GlobalSection(SolutionProperties) = preSolution
		HideSolutionNode = FALSE
	EndGlobalSection
EndGlobal
